
Microsoft Visual Studio Solution File, Format Version 12.00
# Visual Studio Version 17
VisualStudioVersion = 17.8.34004.107
MinimumVisualStudioVersion = 10.0.40219.1
Project("{2150E333-8FDC-42A3-9474-1A3956D46DE8}") = "Sources", "Sources", "{CB013ABC-CC96-468B-B22D-F98353791012}"
	ProjectSection(SolutionItems) = preProject
		Directory.Build.props = Directory.Build.props
	EndProjectSection
EndProject
Project("{9A19103F-16F7-4668-BE54-9A1E7A4F7556}") = "Enx.Engine", "Sources\Enx.Engine\Enx.Engine.csproj", "{31E683FD-48F9-456D-83CB-0D44AB9D5057}"
EndProject
Project("{9A19103F-16F7-4668-BE54-9A1E7A4F7556}") = "Enx.WebGPU", "Sources\Enx.WebGPU\Enx.WebGPU.csproj", "{FA359016-B265-49BA-9289-576AFEC17D4D}"
EndProject
Project("{9A19103F-16F7-4668-BE54-9A1E7A4F7556}") = "Enx.Engine.Sandbox", "Sources\Enx.Engine.Sandbox\Enx.Engine.Sandbox.csproj", "{540E3B67-F5AD-436D-811F-FF95AA92C54E}"
EndProject
Project("{2150E333-8FDC-42A3-9474-1A3956D46DE8}") = "Éléments de solution", "Éléments de solution", "{5C28E774-4DE5-405F-82CF-86EA88DEFA55}"
	ProjectSection(SolutionItems) = preProject
		.editorconfig = .editorconfig
	EndProjectSection
EndProject
Project("{9A19103F-16F7-4668-BE54-9A1E7A4F7556}") = "Enx.WebGPU.SourceGenerator", "Sources\Enx.WebGPU.SourceGenerator\Enx.WebGPU.SourceGenerator.csproj", "{A9348B62-5186-43AC-9B5E-5DE6F5891455}"
EndProject
Project("{2150E333-8FDC-42A3-9474-1A3956D46DE8}") = "Assets", "Assets", "{1084924F-2FA2-4828-BD23-AFCD95DC1037}"
EndProject
Project("{2150E333-8FDC-42A3-9474-1A3956D46DE8}") = "Graphics", "Graphics", "{DA4E63FF-1F11-4E83-8E62-76A892C752FA}"
EndProject
Project("{9A19103F-16F7-4668-BE54-9A1E7A4F7556}") = "Enx.Engine.Graphics", "Sources\Graphics\Enx.Engine.Graphics\Enx.Engine.Graphics.csproj", "{C67C22DA-36DB-4429-BB86-CAA01B0799FA}"
EndProject
Project("{9A19103F-16F7-4668-BE54-9A1E7A4F7556}") = "Enx.Engine.ImageLoader", "Sources\Assets\Enx.Engine.ImageLoader\Enx.Engine.ImageLoader.csproj", "{CC13186D-0FBE-4E28-962A-4C9AB88960AF}"
EndProject
Project("{9A19103F-16F7-4668-BE54-9A1E7A4F7556}") = "Enx.Engine.Asset", "Sources\Assets\Enx.Engine.Asset\Enx.Engine.Asset.csproj", "{41F5ABF0-E1C0-4C72-BB9B-EA2105893968}"
EndProject
Project("{2150E333-8FDC-42A3-9474-1A3956D46DE8}") = "Windows", "Windows", "{FADBC589-C166-4672-9ABD-A13C06E064CD}"
EndProject
Project("{9A19103F-16F7-4668-BE54-9A1E7A4F7556}") = "Enx.Engine.Window", "Sources\Windows\Enx.Engine.Window\Enx.Engine.Window.csproj", "{5486936D-DA34-46EE-9504-671C582989C6}"
EndProject
Project("{9A19103F-16F7-4668-BE54-9A1E7A4F7556}") = "Enx.Engine.WebGPU", "Enx.Engine.WebGPU\Enx.Engine.WebGPU.csproj", "{4279E672-1374-4A3F-8FB0-686B93A774C5}"
EndProject
Project("{9A19103F-16F7-4668-BE54-9A1E7A4F7556}") = "Enx.Engine.Arch", "Sources\Enx.Engine.Arch\Enx.Engine.Arch.csproj", "{851C5413-CF20-4D97-9D2B-B6CB34BD938B}"
EndProject
Project("{9A19103F-16F7-4668-BE54-9A1E7A4F7556}") = "Enx.Engine.Arch.SourceGenerator", "Sources\Enx.Engine.Arch.SourceGenerator\Enx.Engine.Arch.SourceGenerator.csproj", "{CD2CAC69-4F80-4574-BD36-288BE12ADF51}"
EndProject
Global
	GlobalSection(SolutionConfigurationPlatforms) = preSolution
		Debug|Any CPU = Debug|Any CPU
		Release|Any CPU = Release|Any CPU
	EndGlobalSection
	GlobalSection(ProjectConfigurationPlatforms) = postSolution
		{31E683FD-48F9-456D-83CB-0D44AB9D5057}.Debug|Any CPU.ActiveCfg = Debug|Any CPU
		{31E683FD-48F9-456D-83CB-0D44AB9D5057}.Debug|Any CPU.Build.0 = Debug|Any CPU
		{31E683FD-48F9-456D-83CB-0D44AB9D5057}.Release|Any CPU.ActiveCfg = Release|Any CPU
		{31E683FD-48F9-456D-83CB-0D44AB9D5057}.Release|Any CPU.Build.0 = Release|Any CPU
		{FA359016-B265-49BA-9289-576AFEC17D4D}.Debug|Any CPU.ActiveCfg = Debug|Any CPU
		{FA359016-B265-49BA-9289-576AFEC17D4D}.Debug|Any CPU.Build.0 = Debug|Any CPU
		{FA359016-B265-49BA-9289-576AFEC17D4D}.Release|Any CPU.ActiveCfg = Release|Any CPU
		{FA359016-B265-49BA-9289-576AFEC17D4D}.Release|Any CPU.Build.0 = Release|Any CPU
		{540E3B67-F5AD-436D-811F-FF95AA92C54E}.Debug|Any CPU.ActiveCfg = Debug|Any CPU
		{540E3B67-F5AD-436D-811F-FF95AA92C54E}.Debug|Any CPU.Build.0 = Debug|Any CPU
		{540E3B67-F5AD-436D-811F-FF95AA92C54E}.Release|Any CPU.ActiveCfg = Release|Any CPU
		{540E3B67-F5AD-436D-811F-FF95AA92C54E}.Release|Any CPU.Build.0 = Release|Any CPU
		{A9348B62-5186-43AC-9B5E-5DE6F5891455}.Debug|Any CPU.ActiveCfg = Debug|Any CPU
		{A9348B62-5186-43AC-9B5E-5DE6F5891455}.Debug|Any CPU.Build.0 = Debug|Any CPU
		{A9348B62-5186-43AC-9B5E-5DE6F5891455}.Release|Any CPU.ActiveCfg = Release|Any CPU
		{A9348B62-5186-43AC-9B5E-5DE6F5891455}.Release|Any CPU.Build.0 = Release|Any CPU
		{C67C22DA-36DB-4429-BB86-CAA01B0799FA}.Debug|Any CPU.ActiveCfg = Debug|Any CPU
		{C67C22DA-36DB-4429-BB86-CAA01B0799FA}.Debug|Any CPU.Build.0 = Debug|Any CPU
		{C67C22DA-36DB-4429-BB86-CAA01B0799FA}.Release|Any CPU.ActiveCfg = Release|Any CPU
		{C67C22DA-36DB-4429-BB86-CAA01B0799FA}.Release|Any CPU.Build.0 = Release|Any CPU
		{CC13186D-0FBE-4E28-962A-4C9AB88960AF}.Debug|Any CPU.ActiveCfg = Debug|Any CPU
		{CC13186D-0FBE-4E28-962A-4C9AB88960AF}.Debug|Any CPU.Build.0 = Debug|Any CPU
		{CC13186D-0FBE-4E28-962A-4C9AB88960AF}.Release|Any CPU.ActiveCfg = Release|Any CPU
		{CC13186D-0FBE-4E28-962A-4C9AB88960AF}.Release|Any CPU.Build.0 = Release|Any CPU
		{41F5ABF0-E1C0-4C72-BB9B-EA2105893968}.Debug|Any CPU.ActiveCfg = Debug|Any CPU
		{41F5ABF0-E1C0-4C72-BB9B-EA2105893968}.Debug|Any CPU.Build.0 = Debug|Any CPU
		{41F5ABF0-E1C0-4C72-BB9B-EA2105893968}.Release|Any CPU.ActiveCfg = Release|Any CPU
		{41F5ABF0-E1C0-4C72-BB9B-EA2105893968}.Release|Any CPU.Build.0 = Release|Any CPU
		{5486936D-DA34-46EE-9504-671C582989C6}.Debug|Any CPU.ActiveCfg = Debug|Any CPU
		{5486936D-DA34-46EE-9504-671C582989C6}.Debug|Any CPU.Build.0 = Debug|Any CPU
		{5486936D-DA34-46EE-9504-671C582989C6}.Release|Any CPU.ActiveCfg = Release|Any CPU
		{5486936D-DA34-46EE-9504-671C582989C6}.Release|Any CPU.Build.0 = Release|Any CPU
		{4279E672-1374-4A3F-8FB0-686B93A774C5}.Debug|Any CPU.ActiveCfg = Debug|Any CPU
		{4279E672-1374-4A3F-8FB0-686B93A774C5}.Debug|Any CPU.Build.0 = Debug|Any CPU
		{4279E672-1374-4A3F-8FB0-686B93A774C5}.Release|Any CPU.ActiveCfg = Release|Any CPU
		{4279E672-1374-4A3F-8FB0-686B93A774C5}.Release|Any CPU.Build.0 = Release|Any CPU
		{851C5413-CF20-4D97-9D2B-B6CB34BD938B}.Debug|Any CPU.ActiveCfg = Debug|Any CPU
		{851C5413-CF20-4D97-9D2B-B6CB34BD938B}.Debug|Any CPU.Build.0 = Debug|Any CPU
		{851C5413-CF20-4D97-9D2B-B6CB34BD938B}.Release|Any CPU.ActiveCfg = Release|Any CPU
		{851C5413-CF20-4D97-9D2B-B6CB34BD938B}.Release|Any CPU.Build.0 = Release|Any CPU
		{CD2CAC69-4F80-4574-BD36-288BE12ADF51}.Debug|Any CPU.ActiveCfg = Debug|Any CPU
		{CD2CAC69-4F80-4574-BD36-288BE12ADF51}.Debug|Any CPU.Build.0 = Debug|Any CPU
		{CD2CAC69-4F80-4574-BD36-288BE12ADF51}.Release|Any CPU.ActiveCfg = Release|Any CPU
		{CD2CAC69-4F80-4574-BD36-288BE12ADF51}.Release|Any CPU.Build.0 = Release|Any CPU
	EndGlobalSection
	GlobalSection(SolutionProperties) = preSolution
		HideSolutionNode = FALSE
	EndGlobalSection
	GlobalSection(NestedProjects) = preSolution
		{31E683FD-48F9-456D-83CB-0D44AB9D5057} = {CB013ABC-CC96-468B-B22D-F98353791012}
		{FA359016-B265-49BA-9289-576AFEC17D4D} = {CB013ABC-CC96-468B-B22D-F98353791012}
		{540E3B67-F5AD-436D-811F-FF95AA92C54E} = {CB013ABC-CC96-468B-B22D-F98353791012}
		{A9348B62-5186-43AC-9B5E-5DE6F5891455} = {CB013ABC-CC96-468B-B22D-F98353791012}
		{1084924F-2FA2-4828-BD23-AFCD95DC1037} = {CB013ABC-CC96-468B-B22D-F98353791012}
		{DA4E63FF-1F11-4E83-8E62-76A892C752FA} = {CB013ABC-CC96-468B-B22D-F98353791012}
		{C67C22DA-36DB-4429-BB86-CAA01B0799FA} = {DA4E63FF-1F11-4E83-8E62-76A892C752FA}
		{CC13186D-0FBE-4E28-962A-4C9AB88960AF} = {1084924F-2FA2-4828-BD23-AFCD95DC1037}
		{41F5ABF0-E1C0-4C72-BB9B-EA2105893968} = {1084924F-2FA2-4828-BD23-AFCD95DC1037}
		{FADBC589-C166-4672-9ABD-A13C06E064CD} = {CB013ABC-CC96-468B-B22D-F98353791012}
		{5486936D-DA34-46EE-9504-671C582989C6} = {FADBC589-C166-4672-9ABD-A13C06E064CD}
		{4279E672-1374-4A3F-8FB0-686B93A774C5} = {CB013ABC-CC96-468B-B22D-F98353791012}
		{851C5413-CF20-4D97-9D2B-B6CB34BD938B} = {CB013ABC-CC96-468B-B22D-F98353791012}
		{CD2CAC69-4F80-4574-BD36-288BE12ADF51} = {CB013ABC-CC96-468B-B22D-F98353791012}
	EndGlobalSection
	GlobalSection(ExtensibilityGlobals) = postSolution
		SolutionGuid = {AF39AC11-C973-4C39-93AE-D3177F00CF2B}
	EndGlobalSection
EndGlobal
